{
  "name": "music-bot",
  "version": "1.0.0",
  "lockfileVersion": 1,
  "requires": true,
  "dependencies": {
    "async-limiter": {
      "version": "1.0.0",
      "resolved": "https://registry.npmjs.org/async-limiter/-/async-limiter-1.0.0.tgz",
      "integrity": "sha512-jp/uFnooOiO+L211eZOoSyzpOITMXx1rBITauYykG3BRYPu8h0UcxsPNB04RR5vo4Tyz3+ay17tR6JVf9qzYWg=="
    },
    "axios": {
      "version": "0.18.0",
      "resolved": "https://registry.npmjs.org/axios/-/axios-0.18.0.tgz",
      "integrity": "sha1-MtU+SFHv3AoRmTts0AB4nXDAUQI=",
      "requires": {
        "follow-redirects": "^1.3.0",
        "is-buffer": "^1.1.5"
      }
    },
    "bindings": {
      "version": "1.2.1",
      "resolved": "https://registry.npmjs.org/bindings/-/bindings-1.2.1.tgz",
      "integrity": "sha1-FK1hE4EtLTfXLme0ystLtyZQXxE="
    },
    "commander": {
      "version": "2.19.0",
      "resolved": "https://registry.npmjs.org/commander/-/commander-2.19.0.tgz",
      "integrity": "sha512-6tvAOO+D6OENvRAh524Dh9jcfKTYDQAqvqezbCW82xj5X0pSrcpxtvRKHLG0yBY6SD7PSDrJaj+0AiOcKVd1Xg=="
    },
    "debug": {
      "version": "3.2.6",
      "resolved": "https://registry.npmjs.org/debug/-/debug-3.2.6.tgz",
      "integrity": "sha512-mel+jf7nrtEl5Pn1Qx46zARXKDpBbvzezse7p7LqINmdoIk8PYP5SySaxEmYv6TZ0JyEKA1hsCId6DIhgITtWQ==",
      "requires": {
        "ms": "^2.1.1"
      }
    },
    "discord.js": {
      "version": "11.4.2",
      "resolved": "https://registry.npmjs.org/discord.js/-/discord.js-11.4.2.tgz",
      "integrity": "sha512-MDwpu0lMFTjqomijDl1Ed9miMQe6kB4ifKdP28QZllmLv/HVOJXhatRgjS8urp/wBlOfx+qAYSXcdI5cKGYsfg==",
      "requires": {
        "long": "^4.0.0",
        "prism-media": "^0.0.3",
        "snekfetch": "^3.6.4",
        "tweetnacl": "^1.0.0",
        "ws": "^4.0.0"
      }
    },
    "dotenv": {
      "version": "7.0.0",
      "resolved": "https://registry.npmjs.org/dotenv/-/dotenv-7.0.0.tgz",
      "integrity": "sha512-M3NhsLbV1i6HuGzBUH8vXrtxOk+tWmzWKDMbAVSUp3Zsjm7ywFeuwrUXhmhQyRK1q5B5GGy7hcXPbj3bnfZg2g=="
    },
    "follow-redirects": {
      "version": "1.7.0",
      "resolved": "https://registry.npmjs.org/follow-redirects/-/follow-redirects-1.7.0.tgz",
      "integrity": "sha512-m/pZQy4Gj287eNy94nivy5wchN3Kp+Q5WgUPNy5lJSZ3sgkVKSYV/ZChMAQVIgx1SqfZ2zBZtPA2YlXIWxxJOQ==",
      "requires": {
        "debug": "^3.2.6"
      }
    },
    "html-entities": {
      "version": "1.2.1",
      "resolved": "https://registry.npmjs.org/html-entities/-/html-entities-1.2.1.tgz",
      "integrity": "sha1-DfKTUfByEWNRXfueVUPl9u7VFi8="
    },
    "is-buffer": {
      "version": "1.1.6",
      "resolved": "https://registry.npmjs.org/is-buffer/-/is-buffer-1.1.6.tgz",
      "integrity": "sha512-NcdALwpXkTm5Zvvbk7owOUSvVvBKDgKP5/ewfXEznmQFfs4ZRmanOeKBTjRVjka3QFoN6XJ+9F3USqfHqTaU5w=="
    },
    "long": {
      "version": "4.0.0",
      "resolved": "https://registry.npmjs.org/long/-/long-4.0.0.tgz",
      "integrity": "sha512-XsP+KhQif4bjX1kbuSiySJFNAehNxgLb6hPRGJ9QsUr8ajHkuXGdrHmFUTUUXhDwVX2R5bY4JNZEwbUiMhV+MA=="
    },
    "m3u8stream": {
      "version": "0.6.2",
      "resolved": "https://registry.npmjs.org/m3u8stream/-/m3u8stream-0.6.2.tgz",
      "integrity": "sha512-WsuM2bd5pPN80xvfrB+1DZqr4M7+kJl8byi6+ZCy6cmVjEiHhmr/desN53Ngsa6Hs13kYumeVgT4wL0oIJ+v6g==",
      "requires": {
        "miniget": "^1.4.0",
        "sax": "^1.2.4"
      },
      "dependencies": {
        "sax": {
          "version": "1.2.4",
          "resolved": "https://registry.npmjs.org/sax/-/sax-1.2.4.tgz",
          "integrity": "sha512-NqVDv9TpANUjFm0N8uM5GxL36UgKi9/atZw+x7YFnQ8ckwFGKrl4xX4yWtrey3UJm5nP1kUbnYgLopqWNSRhWw=="
        }
      }
    },
    "miniget": {
      "version": "1.5.1",
      "resolved": "https://registry.npmjs.org/miniget/-/miniget-1.5.1.tgz",
      "integrity": "sha512-KJ3AyIVZ76QuWAq43BWjkK+jLdhxhy3s4tsdg9Je91+cIFkeOSW2VEj2lSeKw50CPu1eCCkSbiQEBKL36mpA5w=="
    },
    "ms": {
      "version": "2.1.1",
      "resolved": "https://registry.npmjs.org/ms/-/ms-2.1.1.tgz",
      "integrity": "sha512-tgp+dl5cGk28utYktBsrFqA7HKgrhgPsg6Z/EfhWI4gl1Hwq8B/GmY/0oXZ6nF8hDVesS/FpnYaD/kOWhYQvyg=="
    },
    "nan": {
      "version": "2.13.2",
      "resolved": "https://registry.npmjs.org/nan/-/nan-2.13.2.tgz",
      "integrity": "sha512-TghvYc72wlMGMVMluVo9WRJc0mB8KxxF/gZ4YYFy7V2ZQX9l7rgbPg7vjS9mt6U5HXODVFVI2bOduCzwOMv/lw=="
    },
    "node-opus": {
      "version": "0.3.1",
      "resolved": "https://registry.npmjs.org/node-opus/-/node-opus-0.3.1.tgz",
      "integrity": "sha512-1Cb8OvHhdDspVfeKMjEgbedJabyE1Ib6OcN2BMEsRCU7FIsciuBpOErcie3y0qTf83nclPAY+kBU3Oj+U+oRlQ==",
      "requires": {
        "bindings": "~1.2.1",
        "commander": "^2.9.0",
        "nan": "^2.10.0",
        "ogg-packet": "^1.0.0"
      }
    },
    "ogg-packet": {
      "version": "1.0.1",
      "resolved": "https://registry.npmjs.org/ogg-packet/-/ogg-packet-1.0.1.tgz",
      "integrity": "sha512-dW1ok3BMnMikyXGDIgVEckWnlViW8JLWQV4qj9aN/rNRVqHlDYSlcIEtSIMH7tpuUOiIxAhY3+OxNdIOm6s17A==",
      "optional": true,
      "requires": {
        "ref-struct": "*"
      }
    },
    "prism-media": {
      "version": "0.0.3",
      "resolved": "https://registry.npmjs.org/prism-media/-/prism-media-0.0.3.tgz",
      "integrity": "sha512-c9KkNifSMU/iXT8FFTaBwBMr+rdVcN+H/uNv1o+CuFeTThNZNTOrQ+RgXA1yL/DeLk098duAeRPP3QNPNbhxYQ=="
    },
    "ref": {
      "version": "1.3.5",
      "resolved": "https://registry.npmjs.org/ref/-/ref-1.3.5.tgz",
      "integrity": "sha512-2cBCniTtxcGUjDpvFfVpw323a83/0RLSGJJY5l5lcomZWhYpU2cuLdsvYqMixvsdLJ9+sTdzEkju8J8ZHDM2nA==",
      "optional": true,
      "requires": {
        "bindings": "1",
        "debug": "2",
        "nan": "2"
      },
      "dependencies": {
        "debug": {
          "version": "2.6.9",
          "resolved": "https://registry.npmjs.org/debug/-/debug-2.6.9.tgz",
          "integrity": "sha512-bC7ElrdJaJnPbAP+1EotYvqZsb3ecl5wi6Bfi6BJTUcNowp6cvspg0jXznRTKDjm/E7AdgFBVeAPVMNcKGsHMA==",
          "optional": true,
          "requires": {
            "ms": "2.0.0"
          }
        },
        "ms": {
          "version": "2.0.0",
          "resolved": "https://registry.npmjs.org/ms/-/ms-2.0.0.tgz",
          "integrity": "sha1-VgiurfwAvmwpAd9fmGF4jeDVl8g=",
          "optional": true
        }
      }
    },
    "ref-struct": {
      "version": "1.1.0",
      "resolved": "https://registry.npmjs.org/ref-struct/-/ref-struct-1.1.0.tgz",
      "integrity": "sha1-XV7mWtQc78Olxf60BYcmHkee3BM=",
      "optional": true,
      "requires": {
        "debug": "2",
        "ref": "1"
      },
      "dependencies": {
        "debug": {
          "version": "2.6.9",
          "resolved": "https://registry.npmjs.org/debug/-/debug-2.6.9.tgz",
          "integrity": "sha512-bC7ElrdJaJnPbAP+1EotYvqZsb3ecl5wi6Bfi6BJTUcNowp6cvspg0jXznRTKDjm/E7AdgFBVeAPVMNcKGsHMA==",
          "optional": true,
          "requires": {
            "ms": "2.0.0"
          }
        },
        "ms": {
          "version": "2.0.0",
          "resolved": "https://registry.npmjs.org/ms/-/ms-2.0.0.tgz",
          "integrity": "sha1-VgiurfwAvmwpAd9fmGF4jeDVl8g=",
          "optional": true
        }
      }
    },
    "safe-buffer": {
      "version": "5.1.2",
      "resolved": "https://registry.npmjs.org/safe-buffer/-/safe-buffer-5.1.2.tgz",
      "integrity": "sha512-Gd2UZBJDkXlY7GbJxfsE8/nvKkUEU1G38c1siN6QP6a9PT9MmHB8GnpscSmMJSoF8LOIrt8ud/wPtojys4G6+g=="
    },
    "sax": {
      "version": "0.5.8",
      "resolved": "https://registry.npmjs.org/sax/-/sax-0.5.8.tgz",
      "integrity": "sha1-1HLbIo6zMcJQaw6MFVJK25OdEsE="
    },
    "snekfetch": {
      "version": "3.6.4",
      "resolved": "https://registry.npmjs.org/snekfetch/-/snekfetch-3.6.4.tgz",
      "integrity": "sha512-NjxjITIj04Ffqid5lqr7XdgwM7X61c/Dns073Ly170bPQHLm6jkmelye/eglS++1nfTWktpP6Y2bFXjdPlQqdw=="
    },
    "tweetnacl": {
      "version": "1.0.1",
      "resolved": "https://registry.npmjs.org/tweetnacl/-/tweetnacl-1.0.1.tgz",
      "integrity": "sha512-kcoMoKTPYnoeS50tzoqjPY3Uv9axeuuFAZY9M/9zFnhoVvRfxz9K29IMPD7jGmt2c8SW7i3gT9WqDl2+nV7p4A=="
    },
    "ws": {
      "version": "4.1.0",
      "resolved": "https://registry.npmjs.org/ws/-/ws-4.1.0.tgz",
      "integrity": "sha512-ZGh/8kF9rrRNffkLFV4AzhvooEclrOH0xaugmqGsIfFgOE/pIz4fMc4Ef+5HSQqTEug2S9JZIWDR47duDSLfaA==",
      "requires": {
        "async-limiter": "~1.0.0",
        "safe-buffer": "~5.1.0"
      }
    },
    "xml2js": {
      "version": "0.2.8",
      "resolved": "https://registry.npmjs.org/xml2js/-/xml2js-0.2.8.tgz",
      "integrity": "sha1-m4FpCTFjH/CdGVdUn69U9PmAs8I=",
      "requires": {
        "sax": "0.5.x"
      }
    },
    "youtube-search": {
      "version": "1.1.4",
      "resolved": "https://registry.npmjs.org/youtube-search/-/youtube-search-1.1.4.tgz",
      "integrity": "sha512-eS3VAqm2avF094d/zu/iKjxMWIAPZ9GZ2V4qVYlznUwt2gEfQRG64o4rRHmeG60GGPCRNoPIJfbjilbfGSMfVA==",
      "requires": {
        "axios": "^0.18.0",
        "xml2js": "~0.2.8"
      }
    },
    "ytdl-core": {
      "version": "0.29.1",
      "resolved": "https://registry.npmjs.org/ytdl-core/-/ytdl-core-0.29.1.tgz",
      "integrity": "sha512-J/TW3rupqE6y+TczHTTFjuwf23tweA9fasmnbU/5yYH0O2IRFLcwgHbbvEPt3t8mtXWGX207+TWH7uuJpB1FKQ==",
      "requires": {
        "html-entities": "^1.1.3",
        "m3u8stream": "^0.6.2",
        "miniget": "^1.4.0",
        "sax": "^1.1.3"
      },
      "dependencies": {
        "sax": {
          "version": "1.2.4",
          "resolved": "https://registry.npmjs.org/sax/-/sax-1.2.4.tgz",
          "integrity": "sha512-NqVDv9TpANUjFm0N8uM5GxL36UgKi9/atZw+x7YFnQ8ckwFGKrl4xX4yWtrey3UJm5nP1kUbnYgLopqWNSRhWw=="
        }
      }
    },
    "ytdl-core-discord": {
      "version": "1.0.3",
      "resolved": "https://registry.npmjs.org/ytdl-core-discord/-/ytdl-core-discord-1.0.3.tgz",
      "integrity": "sha512-/POaSbStmY+PMRnxz4mVN0Rw9Ktt3zs94j2bRX30vmtdMR1yCz9JbEmRY4ouXJK18k/FjdRs5Bnvinud2hbYGQ==",
      "requires": {
        "prism-media": "^1.0.1",
        "ytdl-core": "^0.29.1"
      },
      "dependencies": {
        "prism-media": {
          "version": "1.0.1",
          "resolved": "https://registry.npmjs.org/prism-media/-/prism-media-1.0.1.tgz",
          "integrity": "sha512-Unmeibfk7b8wiiQFPlCC0GgCRaAejSpe2ElgfDkMi9ZmsqzeTbUnmiLNjyqONeKK+HMYINYHOgJFox5l7FU7YA=="
        }
      }
    }
  }
}
